// !$*UTF8*$!
{
	archiveVersion = 1;
	classes = {
	};
	objectVersion = 52;
	objects = {

/* Begin PBXBuildFile section */
		FF28D3912351B8EB00336287 /* AppDelegate.swift in Sources */ = {isa = PBXBuildFile; fileRef = FF28D3902351B8EB00336287 /* AppDelegate.swift */; };
		FF28D3932351B8EB00336287 /* SceneDelegate.swift in Sources */ = {isa = PBXBuildFile; fileRef = FF28D3922351B8EB00336287 /* SceneDelegate.swift */; };
		FF28D3982351B8EB00336287 /* Main.storyboard in Resources */ = {isa = PBXBuildFile; fileRef = FF28D3962351B8EB00336287 /* Main.storyboard */; };
		FF28D39D2351B8ED00336287 /* LaunchScreen.storyboard in Resources */ = {isa = PBXBuildFile; fileRef = FF28D39B2351B8ED00336287 /* LaunchScreen.storyboard */; };
		FF4E439A2354D52B00B97241 /* RequestAPITests.swift in Sources */ = {isa = PBXBuildFile; fileRef = FF4E43992354D52B00B97241 /* RequestAPITests.swift */; };
		FF4E439C2354D76100B97241 /* WebServiceTests.swift in Sources */ = {isa = PBXBuildFile; fileRef = FF4E439B2354D76100B97241 /* WebServiceTests.swift */; };
		FF4E439E2354D94600B97241 /* RequestProtocolTests.swift in Sources */ = {isa = PBXBuildFile; fileRef = FF4E439D2354D94600B97241 /* RequestProtocolTests.swift */; };
		FF4E43A82354DC0A00B97241 /* FeedInteractorTests.swift in Sources */ = {isa = PBXBuildFile; fileRef = FF4E43A72354DC0A00B97241 /* FeedInteractorTests.swift */; };
		FF4E43AB2354DCC700B97241 /* SpyFeedPresenter.swift in Sources */ = {isa = PBXBuildFile; fileRef = FF4E43AA2354DCC700B97241 /* SpyFeedPresenter.swift */; };
		FF4E440B2354E07200B97241 /* OHHTTPStubs.framework in Frameworks */ = {isa = PBXBuildFile; fileRef = FF4E43A12354DAFB00B97241 /* OHHTTPStubs.framework */; platformFilter = ios; };
		FF4E44672354E21100B97241 /* Stubs.swift in Sources */ = {isa = PBXBuildFile; fileRef = FF4E44062354DE3F00B97241 /* Stubs.swift */; };
		FF4E44692354F4BA00B97241 /* SpyFeedViewController.swift in Sources */ = {isa = PBXBuildFile; fileRef = FF4E44682354F4BA00B97241 /* SpyFeedViewController.swift */; };
		FF4E446B2354F5E000B97241 /* FeedPresenterTests.swift in Sources */ = {isa = PBXBuildFile; fileRef = FF4E446A2354F5E000B97241 /* FeedPresenterTests.swift */; };
		FF5AB017235621DD00105E17 /* Date+.swift in Sources */ = {isa = PBXBuildFile; fileRef = FF5AB016235621DD00105E17 /* Date+.swift */; };
		FF6283F82351EBD2004916F1 /* WebService.swift in Sources */ = {isa = PBXBuildFile; fileRef = FF6283F72351EBD2004916F1 /* WebService.swift */; };
		FF6283FA2351EC27004916F1 /* RequestProtocol.swift in Sources */ = {isa = PBXBuildFile; fileRef = FF6283F92351EC27004916F1 /* RequestProtocol.swift */; };
		FF6283FC2351EC4F004916F1 /* RequestConnection.swift in Sources */ = {isa = PBXBuildFile; fileRef = FF6283FB2351EC4F004916F1 /* RequestConnection.swift */; };
		FF6283FF2351ED8E004916F1 /* Albums.swift in Sources */ = {isa = PBXBuildFile; fileRef = FF6283FE2351ED8E004916F1 /* Albums.swift */; };
		FF82E6A823575C930011F27D /* PostPresenterTests.swift in Sources */ = {isa = PBXBuildFile; fileRef = FF82E6A723575C920011F27D /* PostPresenterTests.swift */; };
		FF82E6AA23575CA90011F27D /* PostInteractorTests.swift in Sources */ = {isa = PBXBuildFile; fileRef = FF82E6A923575CA90011F27D /* PostInteractorTests.swift */; };
		FF82E6AE23575CCF0011F27D /* SpyPostViewController.swift in Sources */ = {isa = PBXBuildFile; fileRef = FF82E6AD23575CCF0011F27D /* SpyPostViewController.swift */; };
		FF82E6B023575CEA0011F27D /* SpyPostPresenter.swift in Sources */ = {isa = PBXBuildFile; fileRef = FF82E6AF23575CEA0011F27D /* SpyPostPresenter.swift */; };
		FF82E6B4235766C60011F27D /* SpyNewPostPresenter.swift in Sources */ = {isa = PBXBuildFile; fileRef = FF82E6B3235766C60011F27D /* SpyNewPostPresenter.swift */; };
		FF82E6B6235766DE0011F27D /* SpyNewPostViewController.swift in Sources */ = {isa = PBXBuildFile; fileRef = FF82E6B5235766DE0011F27D /* SpyNewPostViewController.swift */; };
		FF82E6B8235767EA0011F27D /* NewPostPresenterTests.swift in Sources */ = {isa = PBXBuildFile; fileRef = FF82E6B7235767EA0011F27D /* NewPostPresenterTests.swift */; };
		FF82E6BA235767FD0011F27D /* NewPostInteractorTests.swift in Sources */ = {isa = PBXBuildFile; fileRef = FF82E6B9235767FD0011F27D /* NewPostInteractorTests.swift */; };
		FFCCC8CF2352027600F1019C /* Alamofire in Frameworks */ = {isa = PBXBuildFile; productRef = FFCCC8CE2352027600F1019C /* Alamofire */; };
		FFCCC8D22352071800F1019C /* Photos.swift in Sources */ = {isa = PBXBuildFile; fileRef = FFCCC8D12352071800F1019C /* Photos.swift */; };
		FFCCC8D42352087F00F1019C /* BaseStruct.swift in Sources */ = {isa = PBXBuildFile; fileRef = FFCCC8D32352087F00F1019C /* BaseStruct.swift */; };
		FFCCC94323520AA700F1019C /* FeedPresenter.swift in Sources */ = {isa = PBXBuildFile; fileRef = FFCCC93D23520AA700F1019C /* FeedPresenter.swift */; };
		FFCCC94423520AA700F1019C /* FeedWorker.swift in Sources */ = {isa = PBXBuildFile; fileRef = FFCCC93E23520AA700F1019C /* FeedWorker.swift */; };
		FFCCC94523520AA700F1019C /* FeedRouter.swift in Sources */ = {isa = PBXBuildFile; fileRef = FFCCC93F23520AA700F1019C /* FeedRouter.swift */; };
		FFCCC94623520AA700F1019C /* FeedModels.swift in Sources */ = {isa = PBXBuildFile; fileRef = FFCCC94023520AA700F1019C /* FeedModels.swift */; };
		FFCCC94723520AA700F1019C /* FeedViewController.swift in Sources */ = {isa = PBXBuildFile; fileRef = FFCCC94123520AA700F1019C /* FeedViewController.swift */; };
		FFCCC94823520AA700F1019C /* FeedInteractor.swift in Sources */ = {isa = PBXBuildFile; fileRef = FFCCC94223520AA700F1019C /* FeedInteractor.swift */; };
		FFCCC94B23520C0400F1019C /* Kingfisher in Frameworks */ = {isa = PBXBuildFile; productRef = FFCCC94A23520C0400F1019C /* Kingfisher */; };
		FFCCC94E23521C4300F1019C /* UITableViewCell+deque.swift in Sources */ = {isa = PBXBuildFile; fileRef = FFCCC94D23521C4300F1019C /* UITableViewCell+deque.swift */; };
		FFCCC95023521C8700F1019C /* UIView+identifier.swift in Sources */ = {isa = PBXBuildFile; fileRef = FFCCC94F23521C8700F1019C /* UIView+identifier.swift */; };
		FFCCC95323521E1900F1019C /* FeedTableViewCell.xib in Resources */ = {isa = PBXBuildFile; fileRef = FFCCC95223521E1900F1019C /* FeedTableViewCell.xib */; };
		FFCCC95523521E3400F1019C /* FeedTableViewCell.swift in Sources */ = {isa = PBXBuildFile; fileRef = FFCCC95423521E3400F1019C /* FeedTableViewCell.swift */; };
		FFCCC9B42352505000F1019C /* Collection+.swift in Sources */ = {isa = PBXBuildFile; fileRef = FFCCC9B32352505000F1019C /* Collection+.swift */; };
		FFCCC9BC235354CC00F1019C /* PostPresenter.swift in Sources */ = {isa = PBXBuildFile; fileRef = FFCCC9B6235354CC00F1019C /* PostPresenter.swift */; };
		FFCCC9BD235354CC00F1019C /* PostWorker.swift in Sources */ = {isa = PBXBuildFile; fileRef = FFCCC9B7235354CC00F1019C /* PostWorker.swift */; };
		FFCCC9BE235354CC00F1019C /* PostRouter.swift in Sources */ = {isa = PBXBuildFile; fileRef = FFCCC9B8235354CC00F1019C /* PostRouter.swift */; };
		FFCCC9BF235354CC00F1019C /* PostModels.swift in Sources */ = {isa = PBXBuildFile; fileRef = FFCCC9B9235354CC00F1019C /* PostModels.swift */; };
		FFCCC9C0235354CC00F1019C /* PostViewController.swift in Sources */ = {isa = PBXBuildFile; fileRef = FFCCC9BA235354CC00F1019C /* PostViewController.swift */; };
		FFCCC9C1235354CC00F1019C /* PostInteractor.swift in Sources */ = {isa = PBXBuildFile; fileRef = FFCCC9BB235354CC00F1019C /* PostInteractor.swift */; };
		FFCCC9C32354177C00F1019C /* UISearchBar+.swift in Sources */ = {isa = PBXBuildFile; fileRef = FFCCC9C22354177C00F1019C /* UISearchBar+.swift */; };
		FFCCCA79235429E200F1019C /* UIVIewController.swift in Sources */ = {isa = PBXBuildFile; fileRef = FFCCCA78235429E200F1019C /* UIVIewController.swift */; };
		FFCCCB3523549DF400F1019C /* NewPostPresenter.swift in Sources */ = {isa = PBXBuildFile; fileRef = FFCCCB2F23549DF400F1019C /* NewPostPresenter.swift */; };
		FFCCCB3623549DF400F1019C /* NewPostWorker.swift in Sources */ = {isa = PBXBuildFile; fileRef = FFCCCB3023549DF400F1019C /* NewPostWorker.swift */; };
		FFCCCB3723549DF400F1019C /* NewPostRouter.swift in Sources */ = {isa = PBXBuildFile; fileRef = FFCCCB3123549DF400F1019C /* NewPostRouter.swift */; };
		FFCCCB3823549DF400F1019C /* NewPostModels.swift in Sources */ = {isa = PBXBuildFile; fileRef = FFCCCB3223549DF400F1019C /* NewPostModels.swift */; };
		FFCCCB3923549DF400F1019C /* NewPostViewController.swift in Sources */ = {isa = PBXBuildFile; fileRef = FFCCCB3323549DF400F1019C /* NewPostViewController.swift */; };
		FFCCCB3A23549DF400F1019C /* NewPostInteractor.swift in Sources */ = {isa = PBXBuildFile; fileRef = FFCCCB3423549DF400F1019C /* NewPostInteractor.swift */; };
		FFCCCB3C2354A76200F1019C /* UiView+.swift in Sources */ = {isa = PBXBuildFile; fileRef = FFCCCB3B2354A76200F1019C /* UiView+.swift */; };
		FFCCCB3F2354AFD900F1019C /* ImagePicker.swift in Sources */ = {isa = PBXBuildFile; fileRef = FFCCCB3E2354AFD900F1019C /* ImagePicker.swift */; };
		FFCCCCC02354C4D600F1019C /* FeedTest.swift in Sources */ = {isa = PBXBuildFile; fileRef = FFCCCCBF2354C4D600F1019C /* FeedTest.swift */; };
		FFCCCE2A2354C8CE00F1019C /* PostTest.swift in Sources */ = {isa = PBXBuildFile; fileRef = FFCCCE292354C8CE00F1019C /* PostTest.swift */; };
		FFCCCE2C2354CAAD00F1019C /* NewPostTest.swift in Sources */ = {isa = PBXBuildFile; fileRef = FFCCCE2B2354CAAD00F1019C /* NewPostTest.swift */; };
/* End PBXBuildFile section */

/* Begin PBXContainerItemProxy section */
		FF28D3A42351B8EE00336287 /* PBXContainerItemProxy */ = {
			isa = PBXContainerItemProxy;
			containerPortal = FF28D3852351B8EB00336287 /* Project object */;
			proxyType = 1;
			remoteGlobalIDString = FF28D38C2351B8EB00336287;
			remoteInfo = timeline;
		};
		FF28D3AF2351B8EE00336287 /* PBXContainerItemProxy */ = {
			isa = PBXContainerItemProxy;
			containerPortal = FF28D3852351B8EB00336287 /* Project object */;
			proxyType = 1;
			remoteGlobalIDString = FF28D38C2351B8EB00336287;
			remoteInfo = timeline;
		};
/* End PBXContainerItemProxy section */

/* Begin PBXFileReference section */
		FF28D38D2351B8EB00336287 /* timeline.app */ = {isa = PBXFileReference; explicitFileType = wrapper.application; includeInIndex = 0; path = timeline.app; sourceTree = BUILT_PRODUCTS_DIR; };
		FF28D3902351B8EB00336287 /* AppDelegate.swift */ = {isa = PBXFileReference; lastKnownFileType = sourcecode.swift; path = AppDelegate.swift; sourceTree = "<group>"; };
		FF28D3922351B8EB00336287 /* SceneDelegate.swift */ = {isa = PBXFileReference; lastKnownFileType = sourcecode.swift; path = SceneDelegate.swift; sourceTree = "<group>"; };
		FF28D3972351B8EB00336287 /* Base */ = {isa = PBXFileReference; lastKnownFileType = file.storyboard; name = Base; path = Base.lproj/Main.storyboard; sourceTree = "<group>"; };
		FF28D3992351B8ED00336287 /* Assets.xcassets */ = {isa = PBXFileReference; lastKnownFileType = folder.assetcatalog; path = Assets.xcassets; sourceTree = "<group>"; };
		FF28D39C2351B8ED00336287 /* Base */ = {isa = PBXFileReference; lastKnownFileType = file.storyboard; name = Base; path = Base.lproj/LaunchScreen.storyboard; sourceTree = "<group>"; };
		FF28D39E2351B8ED00336287 /* Info.plist */ = {isa = PBXFileReference; lastKnownFileType = text.plist.xml; path = Info.plist; sourceTree = "<group>"; };
		FF28D3A32351B8EE00336287 /* timelineTests.xctest */ = {isa = PBXFileReference; explicitFileType = wrapper.cfbundle; includeInIndex = 0; path = timelineTests.xctest; sourceTree = BUILT_PRODUCTS_DIR; };
		FF28D3A92351B8EE00336287 /* Info.plist */ = {isa = PBXFileReference; lastKnownFileType = text.plist.xml; path = Info.plist; sourceTree = "<group>"; };
		FF28D3AE2351B8EE00336287 /* timelineUITests.xctest */ = {isa = PBXFileReference; explicitFileType = wrapper.cfbundle; includeInIndex = 0; path = timelineUITests.xctest; sourceTree = BUILT_PRODUCTS_DIR; };
		FF28D3B42351B8EE00336287 /* Info.plist */ = {isa = PBXFileReference; lastKnownFileType = text.plist.xml; path = Info.plist; sourceTree = "<group>"; };
		FF4E43992354D52B00B97241 /* RequestAPITests.swift */ = {isa = PBXFileReference; lastKnownFileType = sourcecode.swift; path = RequestAPITests.swift; sourceTree = "<group>"; };
		FF4E439B2354D76100B97241 /* WebServiceTests.swift */ = {isa = PBXFileReference; lastKnownFileType = sourcecode.swift; path = WebServiceTests.swift; sourceTree = "<group>"; };
		FF4E439D2354D94600B97241 /* RequestProtocolTests.swift */ = {isa = PBXFileReference; lastKnownFileType = sourcecode.swift; path = RequestProtocolTests.swift; sourceTree = "<group>"; };
		FF4E43A12354DAFB00B97241 /* OHHTTPStubs.framework */ = {isa = PBXFileReference; lastKnownFileType = wrapper.framework; name = OHHTTPStubs.framework; path = Carthage/Build/iOS/OHHTTPStubs.framework; sourceTree = "<group>"; };
		FF4E43A72354DC0A00B97241 /* FeedInteractorTests.swift */ = {isa = PBXFileReference; lastKnownFileType = sourcecode.swift; path = FeedInteractorTests.swift; sourceTree = "<group>"; };
		FF4E43AA2354DCC700B97241 /* SpyFeedPresenter.swift */ = {isa = PBXFileReference; lastKnownFileType = sourcecode.swift; path = SpyFeedPresenter.swift; sourceTree = "<group>"; };
		FF4E44062354DE3F00B97241 /* Stubs.swift */ = {isa = PBXFileReference; lastKnownFileType = sourcecode.swift; path = Stubs.swift; sourceTree = "<group>"; };
		FF4E44682354F4BA00B97241 /* SpyFeedViewController.swift */ = {isa = PBXFileReference; lastKnownFileType = sourcecode.swift; path = SpyFeedViewController.swift; sourceTree = "<group>"; };
		FF4E446A2354F5E000B97241 /* FeedPresenterTests.swift */ = {isa = PBXFileReference; lastKnownFileType = sourcecode.swift; path = FeedPresenterTests.swift; sourceTree = "<group>"; };
		FF5AB016235621DD00105E17 /* Date+.swift */ = {isa = PBXFileReference; lastKnownFileType = sourcecode.swift; path = "Date+.swift"; sourceTree = "<group>"; };
		FF6283F72351EBD2004916F1 /* WebService.swift */ = {isa = PBXFileReference; lastKnownFileType = sourcecode.swift; path = WebService.swift; sourceTree = "<group>"; };
		FF6283F92351EC27004916F1 /* RequestProtocol.swift */ = {isa = PBXFileReference; lastKnownFileType = sourcecode.swift; path = RequestProtocol.swift; sourceTree = "<group>"; };
		FF6283FB2351EC4F004916F1 /* RequestConnection.swift */ = {isa = PBXFileReference; lastKnownFileType = sourcecode.swift; path = RequestConnection.swift; sourceTree = "<group>"; };
		FF6283FE2351ED8E004916F1 /* Albums.swift */ = {isa = PBXFileReference; lastKnownFileType = sourcecode.swift; path = Albums.swift; sourceTree = "<group>"; };
		FF82E6A723575C920011F27D /* PostPresenterTests.swift */ = {isa = PBXFileReference; lastKnownFileType = sourcecode.swift; path = PostPresenterTests.swift; sourceTree = "<group>"; };
		FF82E6A923575CA90011F27D /* PostInteractorTests.swift */ = {isa = PBXFileReference; lastKnownFileType = sourcecode.swift; path = PostInteractorTests.swift; sourceTree = "<group>"; };
		FF82E6AD23575CCF0011F27D /* SpyPostViewController.swift */ = {isa = PBXFileReference; lastKnownFileType = sourcecode.swift; path = SpyPostViewController.swift; sourceTree = "<group>"; };
		FF82E6AF23575CEA0011F27D /* SpyPostPresenter.swift */ = {isa = PBXFileReference; lastKnownFileType = sourcecode.swift; path = SpyPostPresenter.swift; sourceTree = "<group>"; };
		FF82E6B3235766C60011F27D /* SpyNewPostPresenter.swift */ = {isa = PBXFileReference; lastKnownFileType = sourcecode.swift; path = SpyNewPostPresenter.swift; sourceTree = "<group>"; };
		FF82E6B5235766DE0011F27D /* SpyNewPostViewController.swift */ = {isa = PBXFileReference; lastKnownFileType = sourcecode.swift; path = SpyNewPostViewController.swift; sourceTree = "<group>"; };
		FF82E6B7235767EA0011F27D /* NewPostPresenterTests.swift */ = {isa = PBXFileReference; lastKnownFileType = sourcecode.swift; path = NewPostPresenterTests.swift; sourceTree = "<group>"; };
		FF82E6B9235767FD0011F27D /* NewPostInteractorTests.swift */ = {isa = PBXFileReference; lastKnownFileType = sourcecode.swift; path = NewPostInteractorTests.swift; sourceTree = "<group>"; };
		FFCCC8D12352071800F1019C /* Photos.swift */ = {isa = PBXFileReference; lastKnownFileType = sourcecode.swift; path = Photos.swift; sourceTree = "<group>"; };
		FFCCC8D32352087F00F1019C /* BaseStruct.swift */ = {isa = PBXFileReference; lastKnownFileType = sourcecode.swift; path = BaseStruct.swift; sourceTree = "<group>"; };
		FFCCC93D23520AA700F1019C /* FeedPresenter.swift */ = {isa = PBXFileReference; lastKnownFileType = sourcecode.swift; path = FeedPresenter.swift; sourceTree = "<group>"; };
		FFCCC93E23520AA700F1019C /* FeedWorker.swift */ = {isa = PBXFileReference; lastKnownFileType = sourcecode.swift; path = FeedWorker.swift; sourceTree = "<group>"; };
		FFCCC93F23520AA700F1019C /* FeedRouter.swift */ = {isa = PBXFileReference; lastKnownFileType = sourcecode.swift; path = FeedRouter.swift; sourceTree = "<group>"; };
		FFCCC94023520AA700F1019C /* FeedModels.swift */ = {isa = PBXFileReference; lastKnownFileType = sourcecode.swift; path = FeedModels.swift; sourceTree = "<group>"; };
		FFCCC94123520AA700F1019C /* FeedViewController.swift */ = {isa = PBXFileReference; lastKnownFileType = sourcecode.swift; path = FeedViewController.swift; sourceTree = "<group>"; };
		FFCCC94223520AA700F1019C /* FeedInteractor.swift */ = {isa = PBXFileReference; lastKnownFileType = sourcecode.swift; path = FeedInteractor.swift; sourceTree = "<group>"; };
		FFCCC94D23521C4300F1019C /* UITableViewCell+deque.swift */ = {isa = PBXFileReference; lastKnownFileType = sourcecode.swift; path = "UITableViewCell+deque.swift"; sourceTree = "<group>"; };
		FFCCC94F23521C8700F1019C /* UIView+identifier.swift */ = {isa = PBXFileReference; lastKnownFileType = sourcecode.swift; path = "UIView+identifier.swift"; sourceTree = "<group>"; };
		FFCCC95223521E1900F1019C /* FeedTableViewCell.xib */ = {isa = PBXFileReference; lastKnownFileType = file.xib; path = FeedTableViewCell.xib; sourceTree = "<group>"; };
		FFCCC95423521E3400F1019C /* FeedTableViewCell.swift */ = {isa = PBXFileReference; lastKnownFileType = sourcecode.swift; path = FeedTableViewCell.swift; sourceTree = "<group>"; };
		FFCCC9B32352505000F1019C /* Collection+.swift */ = {isa = PBXFileReference; lastKnownFileType = sourcecode.swift; path = "Collection+.swift"; sourceTree = "<group>"; };
		FFCCC9B6235354CC00F1019C /* PostPresenter.swift */ = {isa = PBXFileReference; lastKnownFileType = sourcecode.swift; path = PostPresenter.swift; sourceTree = "<group>"; };
		FFCCC9B7235354CC00F1019C /* PostWorker.swift */ = {isa = PBXFileReference; lastKnownFileType = sourcecode.swift; path = PostWorker.swift; sourceTree = "<group>"; };
		FFCCC9B8235354CC00F1019C /* PostRouter.swift */ = {isa = PBXFileReference; lastKnownFileType = sourcecode.swift; path = PostRouter.swift; sourceTree = "<group>"; };
		FFCCC9B9235354CC00F1019C /* PostModels.swift */ = {isa = PBXFileReference; lastKnownFileType = sourcecode.swift; path = PostModels.swift; sourceTree = "<group>"; };
		FFCCC9BA235354CC00F1019C /* PostViewController.swift */ = {isa = PBXFileReference; lastKnownFileType = sourcecode.swift; path = PostViewController.swift; sourceTree = "<group>"; };
		FFCCC9BB235354CC00F1019C /* PostInteractor.swift */ = {isa = PBXFileReference; lastKnownFileType = sourcecode.swift; path = PostInteractor.swift; sourceTree = "<group>"; };
		FFCCC9C22354177C00F1019C /* UISearchBar+.swift */ = {isa = PBXFileReference; lastKnownFileType = sourcecode.swift; path = "UISearchBar+.swift"; sourceTree = "<group>"; };
		FFCCCA78235429E200F1019C /* UIVIewController.swift */ = {isa = PBXFileReference; lastKnownFileType = sourcecode.swift; path = UIVIewController.swift; sourceTree = "<group>"; };
		FFCCCB2F23549DF400F1019C /* NewPostPresenter.swift */ = {isa = PBXFileReference; lastKnownFileType = sourcecode.swift; path = NewPostPresenter.swift; sourceTree = "<group>"; };
		FFCCCB3023549DF400F1019C /* NewPostWorker.swift */ = {isa = PBXFileReference; lastKnownFileType = sourcecode.swift; path = NewPostWorker.swift; sourceTree = "<group>"; };
		FFCCCB3123549DF400F1019C /* NewPostRouter.swift */ = {isa = PBXFileReference; lastKnownFileType = sourcecode.swift; path = NewPostRouter.swift; sourceTree = "<group>"; };
		FFCCCB3223549DF400F1019C /* NewPostModels.swift */ = {isa = PBXFileReference; lastKnownFileType = sourcecode.swift; path = NewPostModels.swift; sourceTree = "<group>"; };
		FFCCCB3323549DF400F1019C /* NewPostViewController.swift */ = {isa = PBXFileReference; lastKnownFileType = sourcecode.swift; path = NewPostViewController.swift; sourceTree = "<group>"; };
		FFCCCB3423549DF400F1019C /* NewPostInteractor.swift */ = {isa = PBXFileReference; lastKnownFileType = sourcecode.swift; path = NewPostInteractor.swift; sourceTree = "<group>"; };
		FFCCCB3B2354A76200F1019C /* UiView+.swift */ = {isa = PBXFileReference; lastKnownFileType = sourcecode.swift; path = "UiView+.swift"; sourceTree = "<group>"; };
		FFCCCB3E2354AFD900F1019C /* ImagePicker.swift */ = {isa = PBXFileReference; lastKnownFileType = sourcecode.swift; path = ImagePicker.swift; sourceTree = "<group>"; };
		FFCCCCBF2354C4D600F1019C /* FeedTest.swift */ = {isa = PBXFileReference; lastKnownFileType = sourcecode.swift; path = FeedTest.swift; sourceTree = "<group>"; };
		FFCCCE292354C8CE00F1019C /* PostTest.swift */ = {isa = PBXFileReference; lastKnownFileType = sourcecode.swift; path = PostTest.swift; sourceTree = "<group>"; };
		FFCCCE2B2354CAAD00F1019C /* NewPostTest.swift */ = {isa = PBXFileReference; lastKnownFileType = sourcecode.swift; path = NewPostTest.swift; sourceTree = "<group>"; };
/* End PBXFileReference section */

/* Begin PBXFrameworksBuildPhase section */
		FF28D38A2351B8EB00336287 /* Frameworks */ = {
			isa = PBXFrameworksBuildPhase;
			buildActionMask = 2147483647;
			files = (
				FFCCC94B23520C0400F1019C /* Kingfisher in Frameworks */,
				FFCCC8CF2352027600F1019C /* Alamofire in Frameworks */,
			);
			runOnlyForDeploymentPostprocessing = 0;
		};
		FF28D3A02351B8EE00336287 /* Frameworks */ = {
			isa = PBXFrameworksBuildPhase;
			buildActionMask = 2147483647;
			files = (
				FF4E440B2354E07200B97241 /* OHHTTPStubs.framework in Frameworks */,
			);
			runOnlyForDeploymentPostprocessing = 0;
		};
		FF28D3AB2351B8EE00336287 /* Frameworks */ = {
			isa = PBXFrameworksBuildPhase;
			buildActionMask = 2147483647;
			files = (
			);
			runOnlyForDeploymentPostprocessing = 0;
		};
/* End PBXFrameworksBuildPhase section */

/* Begin PBXGroup section */
		FF28D3842351B8EB00336287 = {
			isa = PBXGroup;
			children = (
				FF28D38E2351B8EB00336287 /* Products */,
				FF28D38F2351B8EB00336287 /* timeline */,
				FF28D3A62351B8EE00336287 /* timelineTests */,
				FF28D3B12351B8EE00336287 /* timelineUITests */,
				FF4E43A02354DAFB00B97241 /* Frameworks */,
			);
			sourceTree = "<group>";
		};
		FF28D38E2351B8EB00336287 /* Products */ = {
			isa = PBXGroup;
			children = (
				FF28D38D2351B8EB00336287 /* timeline.app */,
				FF28D3A32351B8EE00336287 /* timelineTests.xctest */,
				FF28D3AE2351B8EE00336287 /* timelineUITests.xctest */,
			);
			name = Products;
			sourceTree = "<group>";
		};
		FF28D38F2351B8EB00336287 /* timeline */ = {
			isa = PBXGroup;
			children = (
				FF28D39E2351B8ED00336287 /* Info.plist */,
				FF28D3902351B8EB00336287 /* AppDelegate.swift */,
				FF28D3922351B8EB00336287 /* SceneDelegate.swift */,
				FF28D3992351B8ED00336287 /* Assets.xcassets */,
				FFCCCB3D2354AF6800F1019C /* Common */,
				FFCCC94C23521C1900F1019C /* Extension */,
				FF28D39B2351B8ED00336287 /* LaunchScreen.storyboard */,
				FF28D3962351B8EB00336287 /* Main.storyboard */,
				FF28D3C02351BBA600336287 /* Modules */,
				FF6283F62351EBBA004916F1 /* Services */,
			);
			path = timeline;
			sourceTree = "<group>";
		};
		FF28D3A62351B8EE00336287 /* timelineTests */ = {
			isa = PBXGroup;
			children = (
				FF28D3A92351B8EE00336287 /* Info.plist */,
				FF4E439F2354DA2900B97241 /* Modules */,
				FF4E43972354D4F500B97241 /* Services */,
				FF4E44062354DE3F00B97241 /* Stubs.swift */,
			);
			path = timelineTests;
			sourceTree = "<group>";
		};
		FF28D3B12351B8EE00336287 /* timelineUITests */ = {
			isa = PBXGroup;
			children = (
				FF28D3B42351B8EE00336287 /* Info.plist */,
				FF4E43952354CD7500B97241 /* Modules */,
			);
			path = timelineUITests;
			sourceTree = "<group>";
		};
		FF28D3C02351BBA600336287 /* Modules */ = {
			isa = PBXGroup;
			children = (
				FFCCCB2E23549DCA00F1019C /* NewPost */,
				FFCCC9B52353549F00F1019C /* Post */,
				FFCCC93C23520A9100F1019C /* Feed */,
			);
			path = Modules;
			sourceTree = "<group>";
		};
		FF4E43952354CD7500B97241 /* Modules */ = {
			isa = PBXGroup;
			children = (
				FFCCCCBF2354C4D600F1019C /* FeedTest.swift */,
				FFCCCE2B2354CAAD00F1019C /* NewPostTest.swift */,
				FFCCCE292354C8CE00F1019C /* PostTest.swift */,
			);
			path = Modules;
			sourceTree = "<group>";
		};
		FF4E43972354D4F500B97241 /* Services */ = {
			isa = PBXGroup;
			children = (
				FF4E43992354D52B00B97241 /* RequestAPITests.swift */,
				FF4E439B2354D76100B97241 /* WebServiceTests.swift */,
				FF4E439D2354D94600B97241 /* RequestProtocolTests.swift */,
			);
			path = Services;
			sourceTree = "<group>";
		};
		FF4E439F2354DA2900B97241 /* Modules */ = {
			isa = PBXGroup;
			children = (
				FF82E6B1235766710011F27D /* NewPost */,
				FF82E6A623575C5F0011F27D /* Post */,
				FF4E43A62354DBA500B97241 /* Feed */,
			);
			path = Modules;
			sourceTree = "<group>";
		};
		FF4E43A02354DAFB00B97241 /* Frameworks */ = {
			isa = PBXGroup;
			children = (
				FF4E43A12354DAFB00B97241 /* OHHTTPStubs.framework */,
			);
			name = Frameworks;
			sourceTree = "<group>";
		};
		FF4E43A62354DBA500B97241 /* Feed */ = {
			isa = PBXGroup;
			children = (
				FF4E43A72354DC0A00B97241 /* FeedInteractorTests.swift */,
				FF4E446A2354F5E000B97241 /* FeedPresenterTests.swift */,
				FF4E43A92354DCA100B97241 /* Mock */,
			);
			path = Feed;
			sourceTree = "<group>";
		};
		FF4E43A92354DCA100B97241 /* Mock */ = {
			isa = PBXGroup;
			children = (
				FF4E43AA2354DCC700B97241 /* SpyFeedPresenter.swift */,
				FF4E44682354F4BA00B97241 /* SpyFeedViewController.swift */,
			);
			path = Mock;
			sourceTree = "<group>";
		};
		FF6283F62351EBBA004916F1 /* Services */ = {
			isa = PBXGroup;
			children = (
				FFCCC8D52352090F00F1019C /* Core */,
				FF6283FD2351ED25004916F1 /* API */,
			);
			path = Services;
			sourceTree = "<group>";
		};
		FF6283FD2351ED25004916F1 /* API */ = {
			isa = PBXGroup;
			children = (
				FF6283FE2351ED8E004916F1 /* Albums.swift */,
				FFCCC8D12352071800F1019C /* Photos.swift */,
				FFCCC8D32352087F00F1019C /* BaseStruct.swift */,
			);
			path = API;
			sourceTree = "<group>";
		};
		FF82E6A623575C5F0011F27D /* Post */ = {
			isa = PBXGroup;
			children = (
				FF82E6A923575CA90011F27D /* PostInteractorTests.swift */,
				FF82E6A723575C920011F27D /* PostPresenterTests.swift */,
				FF82E6AB23575CAD0011F27D /* Mock */,
			);
			path = Post;
			sourceTree = "<group>";
		};
		FF82E6AB23575CAD0011F27D /* Mock */ = {
			isa = PBXGroup;
			children = (
				FF82E6AF23575CEA0011F27D /* SpyPostPresenter.swift */,
				FF82E6AD23575CCF0011F27D /* SpyPostViewController.swift */,
			);
			path = Mock;
			sourceTree = "<group>";
		};
		FF82E6B1235766710011F27D /* NewPost */ = {
			isa = PBXGroup;
			children = (
				FF82E6B9235767FD0011F27D /* NewPostInteractorTests.swift */,
				FF82E6B7235767EA0011F27D /* NewPostPresenterTests.swift */,
				FF82E6B22357667C0011F27D /* Mock */,
			);
			path = NewPost;
			sourceTree = "<group>";
		};
		FF82E6B22357667C0011F27D /* Mock */ = {
			isa = PBXGroup;
			children = (
				FF82E6B3235766C60011F27D /* SpyNewPostPresenter.swift */,
				FF82E6B5235766DE0011F27D /* SpyNewPostViewController.swift */,
			);
			path = Mock;
			sourceTree = "<group>";
		};
		FFCCC8D52352090F00F1019C /* Core */ = {
			isa = PBXGroup;
			children = (
				FF6283F72351EBD2004916F1 /* WebService.swift */,
				FF6283F92351EC27004916F1 /* RequestProtocol.swift */,
				FF6283FB2351EC4F004916F1 /* RequestConnection.swift */,
			);
			path = Core;
			sourceTree = "<group>";
		};
		FFCCC93C23520A9100F1019C /* Feed */ = {
			isa = PBXGroup;
			children = (
				FFCCC95123521DDE00F1019C /* Cell */,
				FFCCC93D23520AA700F1019C /* FeedPresenter.swift */,
				FFCCC93E23520AA700F1019C /* FeedWorker.swift */,
				FFCCC93F23520AA700F1019C /* FeedRouter.swift */,
				FFCCC94023520AA700F1019C /* FeedModels.swift */,
				FFCCC94123520AA700F1019C /* FeedViewController.swift */,
				FFCCC94223520AA700F1019C /* FeedInteractor.swift */,
			);
			path = Feed;
			sourceTree = "<group>";
		};
		FFCCC94C23521C1900F1019C /* Extension */ = {
			isa = PBXGroup;
			children = (
				FFCCC94D23521C4300F1019C /* UITableViewCell+deque.swift */,
				FFCCC94F23521C8700F1019C /* UIView+identifier.swift */,
				FFCCC9B32352505000F1019C /* Collection+.swift */,
				FFCCC9C22354177C00F1019C /* UISearchBar+.swift */,
				FFCCCA78235429E200F1019C /* UIVIewController.swift */,
				FFCCCB3B2354A76200F1019C /* UiView+.swift */,
				FF5AB016235621DD00105E17 /* Date+.swift */,
			);
			path = Extension;
			sourceTree = "<group>";
		};
		FFCCC95123521DDE00F1019C /* Cell */ = {
			isa = PBXGroup;
			children = (
				FFCCC95223521E1900F1019C /* FeedTableViewCell.xib */,
				FFCCC95423521E3400F1019C /* FeedTableViewCell.swift */,
			);
			path = Cell;
			sourceTree = "<group>";
		};
		FFCCC9B52353549F00F1019C /* Post */ = {
			isa = PBXGroup;
			children = (
				FFCCC9B6235354CC00F1019C /* PostPresenter.swift */,
				FFCCC9B7235354CC00F1019C /* PostWorker.swift */,
				FFCCC9B8235354CC00F1019C /* PostRouter.swift */,
				FFCCC9B9235354CC00F1019C /* PostModels.swift */,
				FFCCC9BA235354CC00F1019C /* PostViewController.swift */,
				FFCCC9BB235354CC00F1019C /* PostInteractor.swift */,
			);
			path = Post;
			sourceTree = "<group>";
		};
		FFCCCB2E23549DCA00F1019C /* NewPost */ = {
			isa = PBXGroup;
			children = (
				FFCCCB2F23549DF400F1019C /* NewPostPresenter.swift */,
				FFCCCB3023549DF400F1019C /* NewPostWorker.swift */,
				FFCCCB3123549DF400F1019C /* NewPostRouter.swift */,
				FFCCCB3223549DF400F1019C /* NewPostModels.swift */,
				FFCCCB3323549DF400F1019C /* NewPostViewController.swift */,
				FFCCCB3423549DF400F1019C /* NewPostInteractor.swift */,
			);
			path = NewPost;
			sourceTree = "<group>";
		};
		FFCCCB3D2354AF6800F1019C /* Common */ = {
			isa = PBXGroup;
			children = (
				FFCCCB3E2354AFD900F1019C /* ImagePicker.swift */,
			);
			path = Common;
			sourceTree = "<group>";
		};
/* End PBXGroup section */

/* Begin PBXNativeTarget section */
		FF28D38C2351B8EB00336287 /* timeline */ = {
			isa = PBXNativeTarget;
			buildConfigurationList = FF28D3B72351B8EE00336287 /* Build configuration list for PBXNativeTarget "timeline" */;
			buildPhases = (
				FF28D3892351B8EB00336287 /* Sources */,
				FF28D38A2351B8EB00336287 /* Frameworks */,
				FF28D38B2351B8EB00336287 /* Resources */,
			);
			buildRules = (
			);
			dependencies = (
			);
			name = timeline;
			packageProductDependencies = (
				FFCCC8CE2352027600F1019C /* Alamofire */,
				FFCCC94A23520C0400F1019C /* Kingfisher */,
			);
			productName = timeline;
			productReference = FF28D38D2351B8EB00336287 /* timeline.app */;
			productType = "com.apple.product-type.application";
		};
		FF28D3A22351B8EE00336287 /* timelineTests */ = {
			isa = PBXNativeTarget;
			buildConfigurationList = FF28D3BA2351B8EE00336287 /* Build configuration list for PBXNativeTarget "timelineTests" */;
			buildPhases = (
				FF28D39F2351B8EE00336287 /* Sources */,
				FF28D3A02351B8EE00336287 /* Frameworks */,
				FF28D3A12351B8EE00336287 /* Resources */,
				FF4E440C2354E07900B97241 /* Carthage Copy Framworks */,
			);
			buildRules = (
			);
			dependencies = (
				FF28D3A52351B8EE00336287 /* PBXTargetDependency */,
			);
			name = timelineTests;
			productName = timelineTests;
			productReference = FF28D3A32351B8EE00336287 /* timelineTests.xctest */;
			productType = "com.apple.product-type.bundle.unit-test";
		};
		FF28D3AD2351B8EE00336287 /* timelineUITests */ = {
			isa = PBXNativeTarget;
			buildConfigurationList = FF28D3BD2351B8EE00336287 /* Build configuration list for PBXNativeTarget "timelineUITests" */;
			buildPhases = (
				FF28D3AA2351B8EE00336287 /* Sources */,
				FF28D3AB2351B8EE00336287 /* Frameworks */,
				FF28D3AC2351B8EE00336287 /* Resources */,
			);
			buildRules = (
			);
			dependencies = (
				FF28D3B02351B8EE00336287 /* PBXTargetDependency */,
			);
			name = timelineUITests;
			productName = timelineUITests;
			productReference = FF28D3AE2351B8EE00336287 /* timelineUITests.xctest */;
			productType = "com.apple.product-type.bundle.ui-testing";
		};
/* End PBXNativeTarget section */

/* Begin PBXProject section */
		FF28D3852351B8EB00336287 /* Project object */ = {
			isa = PBXProject;
			attributes = {
				LastSwiftUpdateCheck = 1100;
				LastUpgradeCheck = 1100;
				ORGANIZATIONNAME = pattarapol;
				TargetAttributes = {
					FF28D38C2351B8EB00336287 = {
						CreatedOnToolsVersion = 11.0;
					};
					FF28D3A22351B8EE00336287 = {
						CreatedOnToolsVersion = 11.0;
						TestTargetID = FF28D38C2351B8EB00336287;
					};
					FF28D3AD2351B8EE00336287 = {
						CreatedOnToolsVersion = 11.0;
						TestTargetID = FF28D38C2351B8EB00336287;
					};
				};
			};
			buildConfigurationList = FF28D3882351B8EB00336287 /* Build configuration list for PBXProject "timeline" */;
			compatibilityVersion = "Xcode 9.3";
			developmentRegion = en;
			hasScannedForEncodings = 0;
			knownRegions = (
				en,
				Base,
			);
			mainGroup = FF28D3842351B8EB00336287;
			packageReferences = (
				FFCCC8CD2352027600F1019C /* XCRemoteSwiftPackageReference "Alamofire" */,
				FFCCC94923520C0400F1019C /* XCRemoteSwiftPackageReference "Kingfisher" */,
			);
			productRefGroup = FF28D38E2351B8EB00336287 /* Products */;
			projectDirPath = "";
			projectRoot = "";
			targets = (
				FF28D38C2351B8EB00336287 /* timeline */,
				FF28D3A22351B8EE00336287 /* timelineTests */,
				FF28D3AD2351B8EE00336287 /* timelineUITests */,
			);
		};
/* End PBXProject section */

/* Begin PBXResourcesBuildPhase section */
		FF28D38B2351B8EB00336287 /* Resources */ = {
			isa = PBXResourcesBuildPhase;
			buildActionMask = 2147483647;
			files = (
				FF28D39D2351B8ED00336287 /* LaunchScreen.storyboard in Resources */,
				FFCCC95323521E1900F1019C /* FeedTableViewCell.xib in Resources */,
				FF28D3982351B8EB00336287 /* Main.storyboard in Resources */,
			);
			runOnlyForDeploymentPostprocessing = 0;
		};
		FF28D3A12351B8EE00336287 /* Resources */ = {
			isa = PBXResourcesBuildPhase;
			buildActionMask = 2147483647;
			files = (
			);
			runOnlyForDeploymentPostprocessing = 0;
		};
		FF28D3AC2351B8EE00336287 /* Resources */ = {
			isa = PBXResourcesBuildPhase;
			buildActionMask = 2147483647;
			files = (
			);
			runOnlyForDeploymentPostprocessing = 0;
		};
/* End PBXResourcesBuildPhase section */

/* Begin PBXShellScriptBuildPhase section */
		FF4E440C2354E07900B97241 /* Carthage Copy Framworks */ = {
			isa = PBXShellScriptBuildPhase;
			buildActionMask = 2147483647;
			files = (
			);
			inputFileListPaths = (
			);
			inputPaths = (
				"$(SRCROOT)/Carthage/Build/iOS/OHHTTPStubs.framework",
			);
			name = "Carthage Copy Framworks";
			outputFileListPaths = (
			);
			outputPaths = (
				"$(BUILT_PRODUCTS_DIR)/$(FRAMEWORKS_FOLDER_PATH)/OHHTTPStubs.framework",
			);
			runOnlyForDeploymentPostprocessing = 0;
			shellPath = /bin/sh;
			shellScript = "/usr/local/bin/carthage copy-frameworks\n";
		};
/* End PBXShellScriptBuildPhase section */

/* Begin PBXSourcesBuildPhase section */
		FF28D3892351B8EB00336287 /* Sources */ = {
			isa = PBXSourcesBuildPhase;
			buildActionMask = 2147483647;
			files = (
				FFCCC9C1235354CC00F1019C /* PostInteractor.swift in Sources */,
				FF6283FC2351EC4F004916F1 /* RequestConnection.swift in Sources */,
				FFCCC94423520AA700F1019C /* FeedWorker.swift in Sources */,
				FF6283FF2351ED8E004916F1 /* Albums.swift in Sources */,
				FFCCC95523521E3400F1019C /* FeedTableViewCell.swift in Sources */,
				FFCCC94623520AA700F1019C /* FeedModels.swift in Sources */,
				FF28D3912351B8EB00336287 /* AppDelegate.swift in Sources */,
				FF5AB017235621DD00105E17 /* Date+.swift in Sources */,
				FFCCC8D42352087F00F1019C /* BaseStruct.swift in Sources */,
				FFCCCB3823549DF400F1019C /* NewPostModels.swift in Sources */,
				FFCCC9BD235354CC00F1019C /* PostWorker.swift in Sources */,
				FFCCCB3723549DF400F1019C /* NewPostRouter.swift in Sources */,
				FFCCC9C0235354CC00F1019C /* PostViewController.swift in Sources */,
				FFCCC9B42352505000F1019C /* Collection+.swift in Sources */,
				FFCCC94523520AA700F1019C /* FeedRouter.swift in Sources */,
				FFCCCB3623549DF400F1019C /* NewPostWorker.swift in Sources */,
				FFCCC9BE235354CC00F1019C /* PostRouter.swift in Sources */,
				FFCCCB3F2354AFD900F1019C /* ImagePicker.swift in Sources */,
				FFCCCB3923549DF400F1019C /* NewPostViewController.swift in Sources */,
				FFCCC94323520AA700F1019C /* FeedPresenter.swift in Sources */,
				FFCCCB3523549DF400F1019C /* NewPostPresenter.swift in Sources */,
				FF6283F82351EBD2004916F1 /* WebService.swift in Sources */,
				FFCCC9BF235354CC00F1019C /* PostModels.swift in Sources */,
				FFCCCA79235429E200F1019C /* UIVIewController.swift in Sources */,
				FFCCC95023521C8700F1019C /* UIView+identifier.swift in Sources */,
				FF6283FA2351EC27004916F1 /* RequestProtocol.swift in Sources */,
				FFCCC9BC235354CC00F1019C /* PostPresenter.swift in Sources */,
				FFCCC94823520AA700F1019C /* FeedInteractor.swift in Sources */,
				FF28D3932351B8EB00336287 /* SceneDelegate.swift in Sources */,
				FFCCCB3C2354A76200F1019C /* UiView+.swift in Sources */,
				FFCCC9C32354177C00F1019C /* UISearchBar+.swift in Sources */,
				FFCCC94723520AA700F1019C /* FeedViewController.swift in Sources */,
				FFCCCB3A23549DF400F1019C /* NewPostInteractor.swift in Sources */,
				FFCCC94E23521C4300F1019C /* UITableViewCell+deque.swift in Sources */,
				FFCCC8D22352071800F1019C /* Photos.swift in Sources */,
			);
			runOnlyForDeploymentPostprocessing = 0;
		};
		FF28D39F2351B8EE00336287 /* Sources */ = {
			isa = PBXSourcesBuildPhase;
			buildActionMask = 2147483647;
			files = (
				FF82E6B6235766DE0011F27D /* SpyNewPostViewController.swift in Sources */,
				FF4E44692354F4BA00B97241 /* SpyFeedViewController.swift in Sources */,
				FF82E6B4235766C60011F27D /* SpyNewPostPresenter.swift in Sources */,
				FF82E6AE23575CCF0011F27D /* SpyPostViewController.swift in Sources */,
				FF4E43AB2354DCC700B97241 /* SpyFeedPresenter.swift in Sources */,
				FF82E6BA235767FD0011F27D /* NewPostInteractorTests.swift in Sources */,
				FF4E446B2354F5E000B97241 /* FeedPresenterTests.swift in Sources */,
				FF4E439C2354D76100B97241 /* WebServiceTests.swift in Sources */,
				FF4E439E2354D94600B97241 /* RequestProtocolTests.swift in Sources */,
				FF82E6B8235767EA0011F27D /* NewPostPresenterTests.swift in Sources */,
				FF4E44672354E21100B97241 /* Stubs.swift in Sources */,
				FF82E6B023575CEA0011F27D /* SpyPostPresenter.swift in Sources */,
				FF82E6A823575C930011F27D /* PostPresenterTests.swift in Sources */,
				FF4E43A82354DC0A00B97241 /* FeedInteractorTests.swift in Sources */,
				FF82E6AA23575CA90011F27D /* PostInteractorTests.swift in Sources */,
				FF4E439A2354D52B00B97241 /* RequestAPITests.swift in Sources */,
			);
			runOnlyForDeploymentPostprocessing = 0;
		};
		FF28D3AA2351B8EE00336287 /* Sources */ = {
			isa = PBXSourcesBuildPhase;
			buildActionMask = 2147483647;
			files = (
				FFCCCE2C2354CAAD00F1019C /* NewPostTest.swift in Sources */,
				FFCCCE2A2354C8CE00F1019C /* PostTest.swift in Sources */,
				FFCCCCC02354C4D600F1019C /* FeedTest.swift in Sources */,
			);
			runOnlyForDeploymentPostprocessing = 0;
		};
/* End PBXSourcesBuildPhase section */

/* Begin PBXTargetDependency section */
		FF28D3A52351B8EE00336287 /* PBXTargetDependency */ = {
			isa = PBXTargetDependency;
			target = FF28D38C2351B8EB00336287 /* timeline */;
			targetProxy = FF28D3A42351B8EE00336287 /* PBXContainerItemProxy */;
		};
		FF28D3B02351B8EE00336287 /* PBXTargetDependency */ = {
			isa = PBXTargetDependency;
			target = FF28D38C2351B8EB00336287 /* timeline */;
			targetProxy = FF28D3AF2351B8EE00336287 /* PBXContainerItemProxy */;
		};
/* End PBXTargetDependency section */

/* Begin PBXVariantGroup section */
		FF28D3962351B8EB00336287 /* Main.storyboard */ = {
			isa = PBXVariantGroup;
			children = (
				FF28D3972351B8EB00336287 /* Base */,
			);
			name = Main.storyboard;
			sourceTree = "<group>";
		};
		FF28D39B2351B8ED00336287 /* LaunchScreen.storyboard */ = {
			isa = PBXVariantGroup;
			children = (
				FF28D39C2351B8ED00336287 /* Base */,
			);
			name = LaunchScreen.storyboard;
			sourceTree = "<group>";
		};
/* End PBXVariantGroup section */

/* Begin XCBuildConfiguration section */
		FF28D3B52351B8EE00336287 /* Debug */ = {
			isa = XCBuildConfiguration;
			buildSettings = {
				ALWAYS_SEARCH_USER_PATHS = NO;
				CLANG_ANALYZER_NONNULL = YES;
				CLANG_ANALYZER_NUMBER_OBJECT_CONVERSION = YES_AGGRESSIVE;
				CLANG_CXX_LANGUAGE_STANDARD = "gnu++14";
				CLANG_CXX_LIBRARY = "libc++";
				CLANG_ENABLE_MODULES = YES;
				CLANG_ENABLE_OBJC_ARC = YES;
				CLANG_ENABLE_OBJC_WEAK = YES;
				CLANG_WARN_BLOCK_CAPTURE_AUTORELEASING = YES;
				CLANG_WARN_BOOL_CONVERSION = YES;
				CLANG_WARN_COMMA = YES;
				CLANG_WARN_CONSTANT_CONVERSION = YES;
				CLANG_WARN_DEPRECATED_OBJC_IMPLEMENTATIONS = YES;
				CLANG_WARN_DIRECT_OBJC_ISA_USAGE = YES_ERROR;
				CLANG_WARN_DOCUMENTATION_COMMENTS = YES;
				CLANG_WARN_EMPTY_BODY = YES;
				CLANG_WARN_ENUM_CONVERSION = YES;
				CLANG_WARN_INFINITE_RECURSION = YES;
				CLANG_WARN_INT_CONVERSION = YES;
				CLANG_WARN_NON_LITERAL_NULL_CONVERSION = YES;
				CLANG_WARN_OBJC_IMPLICIT_RETAIN_SELF = YES;
				CLANG_WARN_OBJC_LITERAL_CONVERSION = YES;
				CLANG_WARN_OBJC_ROOT_CLASS = YES_ERROR;
				CLANG_WARN_RANGE_LOOP_ANALYSIS = YES;
				CLANG_WARN_STRICT_PROTOTYPES = YES;
				CLANG_WARN_SUSPICIOUS_MOVE = YES;
				CLANG_WARN_UNGUARDED_AVAILABILITY = YES_AGGRESSIVE;
				CLANG_WARN_UNREACHABLE_CODE = YES;
				CLANG_WARN__DUPLICATE_METHOD_MATCH = YES;
				COPY_PHASE_STRIP = NO;
				DEBUG_INFORMATION_FORMAT = dwarf;
				ENABLE_STRICT_OBJC_MSGSEND = YES;
				ENABLE_TESTABILITY = YES;
				GCC_C_LANGUAGE_STANDARD = gnu11;
				GCC_DYNAMIC_NO_PIC = NO;
				GCC_NO_COMMON_BLOCKS = YES;
				GCC_OPTIMIZATION_LEVEL = 0;
				GCC_PREPROCESSOR_DEFINITIONS = (
					"DEBUG=1",
					"$(inherited)",
				);
				GCC_WARN_64_TO_32_BIT_CONVERSION = YES;
				GCC_WARN_ABOUT_RETURN_TYPE = YES_ERROR;
				GCC_WARN_UNDECLARED_SELECTOR = YES;
				GCC_WARN_UNINITIALIZED_AUTOS = YES_AGGRESSIVE;
				GCC_WARN_UNUSED_FUNCTION = YES;
				GCC_WARN_UNUSED_VARIABLE = YES;
				IPHONEOS_DEPLOYMENT_TARGET = 13.0;
				MTL_ENABLE_DEBUG_INFO = INCLUDE_SOURCE;
				MTL_FAST_MATH = YES;
				ONLY_ACTIVE_ARCH = YES;
				SDKROOT = iphoneos;
				SWIFT_ACTIVE_COMPILATION_CONDITIONS = DEBUG;
				SWIFT_OPTIMIZATION_LEVEL = "-Onone";
			};
			name = Debug;
		};
		FF28D3B62351B8EE00336287 /* Release */ = {
			isa = XCBuildConfiguration;
			buildSettings = {
				ALWAYS_SEARCH_USER_PATHS = NO;
				CLANG_ANALYZER_NONNULL = YES;
				CLANG_ANALYZER_NUMBER_OBJECT_CONVERSION = YES_AGGRESSIVE;
				CLANG_CXX_LANGUAGE_STANDARD = "gnu++14";
				CLANG_CXX_LIBRARY = "libc++";
				CLANG_ENABLE_MODULES = YES;
				CLANG_ENABLE_OBJC_ARC = YES;
				CLANG_ENABLE_OBJC_WEAK = YES;
				CLANG_WARN_BLOCK_CAPTURE_AUTORELEASING = YES;
				CLANG_WARN_BOOL_CONVERSION = YES;
				CLANG_WARN_COMMA = YES;
				CLANG_WARN_CONSTANT_CONVERSION = YES;
				CLANG_WARN_DEPRECATED_OBJC_IMPLEMENTATIONS = YES;
				CLANG_WARN_DIRECT_OBJC_ISA_USAGE = YES_ERROR;
				CLANG_WARN_DOCUMENTATION_COMMENTS = YES;
				CLANG_WARN_EMPTY_BODY = YES;
				CLANG_WARN_ENUM_CONVERSION = YES;
				CLANG_WARN_INFINITE_RECURSION = YES;
				CLANG_WARN_INT_CONVERSION = YES;
				CLANG_WARN_NON_LITERAL_NULL_CONVERSION = YES;
				CLANG_WARN_OBJC_IMPLICIT_RETAIN_SELF = YES;
				CLANG_WARN_OBJC_LITERAL_CONVERSION = YES;
				CLANG_WARN_OBJC_ROOT_CLASS = YES_ERROR;
				CLANG_WARN_RANGE_LOOP_ANALYSIS = YES;
				CLANG_WARN_STRICT_PROTOTYPES = YES;
				CLANG_WARN_SUSPICIOUS_MOVE = YES;
				CLANG_WARN_UNGUARDED_AVAILABILITY = YES_AGGRESSIVE;
				CLANG_WARN_UNREACHABLE_CODE = YES;
				CLANG_WARN__DUPLICATE_METHOD_MATCH = YES;
				COPY_PHASE_STRIP = NO;
				DEBUG_INFORMATION_FORMAT = "dwarf-with-dsym";
				ENABLE_NS_ASSERTIONS = NO;
				ENABLE_STRICT_OBJC_MSGSEND = YES;
				GCC_C_LANGUAGE_STANDARD = gnu11;
				GCC_NO_COMMON_BLOCKS = YES;
				GCC_WARN_64_TO_32_BIT_CONVERSION = YES;
				GCC_WARN_ABOUT_RETURN_TYPE = YES_ERROR;
				GCC_WARN_UNDECLARED_SELECTOR = YES;
				GCC_WARN_UNINITIALIZED_AUTOS = YES_AGGRESSIVE;
				GCC_WARN_UNUSED_FUNCTION = YES;
				GCC_WARN_UNUSED_VARIABLE = YES;
				IPHONEOS_DEPLOYMENT_TARGET = 13.0;
				MTL_ENABLE_DEBUG_INFO = NO;
				MTL_FAST_MATH = YES;
				SDKROOT = iphoneos;
				SWIFT_COMPILATION_MODE = wholemodule;
				SWIFT_OPTIMIZATION_LEVEL = "-O";
				VALIDATE_PRODUCT = YES;
			};
			name = Release;
		};
		FF28D3B82351B8EE00336287 /* Debug */ = {
			isa = XCBuildConfiguration;
			buildSettings = {
				ASSETCATALOG_COMPILER_APPICON_NAME = AppIcon;
				CODE_SIGN_STYLE = Automatic;
				DEVELOPMENT_TEAM = 4P2H2GGVU2;
				FRAMEWORK_SEARCH_PATHS = (
					"$(inherited)",
					"$(PROJECT_DIR)/Carthage/Build/iOS",
				);
				INFOPLIST_FILE = timeline/Info.plist;
				LD_RUNPATH_SEARCH_PATHS = (
					"$(inherited)",
					"@executable_path/Frameworks",
				);
				PRODUCT_BUNDLE_IDENTIFIER = com.pattarapol.timeline;
				PRODUCT_NAME = "$(TARGET_NAME)";
				SWIFT_VERSION = 5.0;
				TARGETED_DEVICE_FAMILY = "1,2";
			};
			name = Debug;
		};
		FF28D3B92351B8EE00336287 /* Release */ = {
			isa = XCBuildConfiguration;
			buildSettings = {
				ASSETCATALOG_COMPILER_APPICON_NAME = AppIcon;
				CODE_SIGN_STYLE = Automatic;
				DEVELOPMENT_TEAM = 4P2H2GGVU2;
				FRAMEWORK_SEARCH_PATHS = (
					"$(inherited)",
					"$(PROJECT_DIR)/Carthage/Build/iOS",
				);
				INFOPLIST_FILE = timeline/Info.plist;
				LD_RUNPATH_SEARCH_PATHS = (
					"$(inherited)",
					"@executable_path/Frameworks",
				);
				PRODUCT_BUNDLE_IDENTIFIER = com.pattarapol.timeline;
				PRODUCT_NAME = "$(TARGET_NAME)";
				SWIFT_VERSION = 5.0;
				TARGETED_DEVICE_FAMILY = "1,2";
			};
			name = Release;
		};
		FF28D3BB2351B8EE00336287 /* Debug */ = {
			isa = XCBuildConfiguration;
			buildSettings = {
				ALWAYS_EMBED_SWIFT_STANDARD_LIBRARIES = YES;
				BUNDLE_LOADER = "$(TEST_HOST)";
				CODE_SIGN_STYLE = Automatic;
				DEVELOPMENT_TEAM = 4P2H2GGVU2;
				FRAMEWORK_SEARCH_PATHS = (
					"$(inherited)",
					"$(PROJECT_DIR)/Carthage/Build/iOS",
				);
				INFOPLIST_FILE = timelineTests/Info.plist;
				IPHONEOS_DEPLOYMENT_TARGET = 13.0;
				LD_RUNPATH_SEARCH_PATHS = (
					"$(inherited)",
					"@executable_path/Frameworks",
					"@loader_path/Frameworks",
				);
				PRODUCT_BUNDLE_IDENTIFIER = com.pattarapol.timelineTests;
				PRODUCT_NAME = "$(TARGET_NAME)";
				SWIFT_VERSION = 5.0;
				TARGETED_DEVICE_FAMILY = "1,2";
				TEST_HOST = "$(BUILT_PRODUCTS_DIR)/timeline.app/timeline";
			};
			name = Debug;
		};
		FF28D3BC2351B8EE00336287 /* Release */ = {
			isa = XCBuildConfiguration;
			buildSettings = {
				ALWAYS_EMBED_SWIFT_STANDARD_LIBRARIES = YES;
				BUNDLE_LOADER = "$(TEST_HOST)";
				CODE_SIGN_STYLE = Automatic;
				DEVELOPMENT_TEAM = 4P2H2GGVU2;
				FRAMEWORK_SEARCH_PATHS = (
					"$(inherited)",
					"$(PROJECT_DIR)/Carthage/Build/iOS",
				);
				INFOPLIST_FILE = timelineTests/Info.plist;
				IPHONEOS_DEPLOYMENT_TARGET = 13.0;
				LD_RUNPATH_SEARCH_PATHS = (
					"$(inherited)",
					"@executable_path/Frameworks",
					"@loader_path/Frameworks",
				);
				PRODUCT_BUNDLE_IDENTIFIER = com.pattarapol.timelineTests;
				PRODUCT_NAME = "$(TARGET_NAME)";
				SWIFT_VERSION = 5.0;
				TARGETED_DEVICE_FAMILY = "1,2";
				TEST_HOST = "$(BUILT_PRODUCTS_DIR)/timeline.app/timeline";
			};
			name = Release;
		};
		FF28D3BE2351B8EE00336287 /* Debug */ = {
			isa = XCBuildConfiguration;
			buildSettings = {
				ALWAYS_EMBED_SWIFT_STANDARD_LIBRARIES = YES;
				CODE_SIGN_STYLE = Automatic;
				DEVELOPMENT_TEAM = 4P2H2GGVU2;
				INFOPLIST_FILE = timelineUITests/Info.plist;
				LD_RUNPATH_SEARCH_PATHS = (
					"$(inherited)",
					"@executable_path/Frameworks",
					"@loader_path/Frameworks",
				);
				PRODUCT_BUNDLE_IDENTIFIER = com.pattarapol.timelineUITests;
				PRODUCT_NAME = "$(TARGET_NAME)";
				SWIFT_VERSION = 5.0;
				TARGETED_DEVICE_FAMILY = "1,2";
				TEST_TARGET_NAME = timeline;
			};
			name = Debug;
		};
		FF28D3BF2351B8EE00336287 /* Release */ = {
			isa = XCBuildConfiguration;
			buildSettings = {
				ALWAYS_EMBED_SWIFT_STANDARD_LIBRARIES = YES;
				CODE_SIGN_STYLE = Automatic;
				DEVELOPMENT_TEAM = 4P2H2GGVU2;
				INFOPLIST_FILE = timelineUITests/Info.plist;
				LD_RUNPATH_SEARCH_PATHS = (
					"$(inherited)",
					"@executable_path/Frameworks",
					"@loader_path/Frameworks",
				);
				PRODUCT_BUNDLE_IDENTIFIER = com.pattarapol.timelineUITests;
				PRODUCT_NAME = "$(TARGET_NAME)";
				SWIFT_VERSION = 5.0;
				TARGETED_DEVICE_FAMILY = "1,2";
				TEST_TARGET_NAME = timeline;
			};
			name = Release;
		};
/* End XCBuildConfiguration section */

/* Begin XCConfigurationList section */
		FF28D3882351B8EB00336287 /* Build configuration list for PBXProject "timeline" */ = {
			isa = XCConfigurationList;
			buildConfigurations = (
				FF28D3B52351B8EE00336287 /* Debug */,
				FF28D3B62351B8EE00336287 /* Release */,
			);
			defaultConfigurationIsVisible = 0;
			defaultConfigurationName = Release;
		};
		FF28D3B72351B8EE00336287 /* Build configuration list for PBXNativeTarget "timeline" */ = {
			isa = XCConfigurationList;
			buildConfigurations = (
				FF28D3B82351B8EE00336287 /* Debug */,
				FF28D3B92351B8EE00336287 /* Release */,
			);
			defaultConfigurationIsVisible = 0;
			defaultConfigurationName = Release;
		};
		FF28D3BA2351B8EE00336287 /* Build configuration list for PBXNativeTarget "timelineTests" */ = {
			isa = XCConfigurationList;
			buildConfigurations = (
				FF28D3BB2351B8EE00336287 /* Debug */,
				FF28D3BC2351B8EE00336287 /* Release */,
			);
			defaultConfigurationIsVisible = 0;
			defaultConfigurationName = Release;
		};
		FF28D3BD2351B8EE00336287 /* Build configuration list for PBXNativeTarget "timelineUITests" */ = {
			isa = XCConfigurationList;
			buildConfigurations = (
				FF28D3BE2351B8EE00336287 /* Debug */,
				FF28D3BF2351B8EE00336287 /* Release */,
			);
			defaultConfigurationIsVisible = 0;
			defaultConfigurationName = Release;
		};
/* End XCConfigurationList section */

/* Begin XCRemoteSwiftPackageReference section */
		FFCCC8CD2352027600F1019C /* XCRemoteSwiftPackageReference "Alamofire" */ = {
			isa = XCRemoteSwiftPackageReference;
			repositoryURL = "https://github.com/Alamofire/Alamofire";
			requirement = {
				kind = upToNextMajorVersion;
				minimumVersion = 4.9.0;
			};
		};
		FFCCC94923520C0400F1019C /* XCRemoteSwiftPackageReference "Kingfisher" */ = {
			isa = XCRemoteSwiftPackageReference;
			repositoryURL = "https://github.com/onevcat/Kingfisher";
			requirement = {
				kind = upToNextMajorVersion;
				minimumVersion = 5.8.3;
			};
		};
/* End XCRemoteSwiftPackageReference section */

/* Begin XCSwiftPackageProductDependency section */
		FFCCC8CE2352027600F1019C /* Alamofire */ = {
			isa = XCSwiftPackageProductDependency;
			package = FFCCC8CD2352027600F1019C /* XCRemoteSwiftPackageReference "Alamofire" */;
			productName = Alamofire;
		};
		FFCCC94A23520C0400F1019C /* Kingfisher */ = {
			isa = XCSwiftPackageProductDependency;
			package = FFCCC94923520C0400F1019C /* XCRemoteSwiftPackageReference "Kingfisher" */;
			productName = Kingfisher;
		};
/* End XCSwiftPackageProductDependency section */
	};
	rootObject = FF28D3852351B8EB00336287 /* Project object */;
}
